// !$*UTF8*$!
{
	archiveVersion = 1;
	classes = {
	};
	objectVersion = 46;
	objects = {

/* Begin PBXBuildFile section */
		E9160C181919725800F8215D /* Foundation.framework in Frameworks */ = {isa = PBXBuildFile; fileRef = E9160C171919725800F8215D /* Foundation.framework */; };
		E9160C261919725900F8215D /* XCTest.framework in Frameworks */ = {isa = PBXBuildFile; fileRef = E9160C251919725900F8215D /* XCTest.framework */; };
		E9160C271919725900F8215D /* Foundation.framework in Frameworks */ = {isa = PBXBuildFile; fileRef = E9160C171919725800F8215D /* Foundation.framework */; };
		E9160C291919725900F8215D /* UIKit.framework in Frameworks */ = {isa = PBXBuildFile; fileRef = E9160C281919725900F8215D /* UIKit.framework */; };
		E9160C2C1919725900F8215D /* libSTXPagedView.a in Frameworks */ = {isa = PBXBuildFile; fileRef = E9160C141919725800F8215D /* libSTXPagedView.a */; };
		E9160C321919725900F8215D /* InfoPlist.strings in Resources */ = {isa = PBXBuildFile; fileRef = E9160C301919725900F8215D /* InfoPlist.strings */; };
		E9160C341919725900F8215D /* STXPagedViewTests.m in Sources */ = {isa = PBXBuildFile; fileRef = E9160C331919725900F8215D /* STXPagedViewTests.m */; };
		E9160C411919729800F8215D /* STXPagedView.m in Sources */ = {isa = PBXBuildFile; fileRef = E9160C3E1919729800F8215D /* STXPagedView.m */; };
		E9160C421919729800F8215D /* STXPagedViewPage.m in Sources */ = {isa = PBXBuildFile; fileRef = E9160C401919729800F8215D /* STXPagedViewPage.m */; };
		E9160C4B191973E600F8215D /* Foundation.framework in Frameworks */ = {isa = PBXBuildFile; fileRef = E9160C171919725800F8215D /* Foundation.framework */; };
		E9160C4D191973E600F8215D /* CoreGraphics.framework in Frameworks */ = {isa = PBXBuildFile; fileRef = E9160C4C191973E600F8215D /* CoreGraphics.framework */; };
		E9160C4E191973E600F8215D /* UIKit.framework in Frameworks */ = {isa = PBXBuildFile; fileRef = E9160C281919725900F8215D /* UIKit.framework */; };
		E9160C54191973E700F8215D /* InfoPlist.strings in Resources */ = {isa = PBXBuildFile; fileRef = E9160C52191973E700F8215D /* InfoPlist.strings */; };
		E9160C56191973E700F8215D /* main.m in Sources */ = {isa = PBXBuildFile; fileRef = E9160C55191973E700F8215D /* main.m */; };
		E9160C5A191973E700F8215D /* AppDelegate.m in Sources */ = {isa = PBXBuildFile; fileRef = E9160C59191973E700F8215D /* AppDelegate.m */; };
		E9160C5D191973E700F8215D /* Main_iPhone.storyboard in Resources */ = {isa = PBXBuildFile; fileRef = E9160C5B191973E700F8215D /* Main_iPhone.storyboard */; };
		E9160C63191973E700F8215D /* BasicViewController.m in Sources */ = {isa = PBXBuildFile; fileRef = E9160C62191973E700F8215D /* BasicViewController.m */; };
		E9160C65191973E700F8215D /* Images.xcassets in Resources */ = {isa = PBXBuildFile; fileRef = E9160C64191973E700F8215D /* Images.xcassets */; };
		E9160C6B191973E700F8215D /* XCTest.framework in Frameworks */ = {isa = PBXBuildFile; fileRef = E9160C251919725900F8215D /* XCTest.framework */; };
		E9160C6C191973E700F8215D /* Foundation.framework in Frameworks */ = {isa = PBXBuildFile; fileRef = E9160C171919725800F8215D /* Foundation.framework */; };
		E9160C6D191973E700F8215D /* UIKit.framework in Frameworks */ = {isa = PBXBuildFile; fileRef = E9160C281919725900F8215D /* UIKit.framework */; };
		E9160C75191973E700F8215D /* InfoPlist.strings in Resources */ = {isa = PBXBuildFile; fileRef = E9160C73191973E700F8215D /* InfoPlist.strings */; };
		E9160C77191973E700F8215D /* ExampleAppTests.m in Sources */ = {isa = PBXBuildFile; fileRef = E9160C76191973E700F8215D /* ExampleAppTests.m */; };
		E9160C80191973F900F8215D /* libSTXPagedView.a in Frameworks */ = {isa = PBXBuildFile; fileRef = E9160C141919725800F8215D /* libSTXPagedView.a */; };
		E9160C821919A8D000F8215D /* STXPagedView.h in Headers */ = {isa = PBXBuildFile; fileRef = E9160C3D1919729800F8215D /* STXPagedView.h */; settings = {ATTRIBUTES = (Public, ); }; };
		E9160C831919A8D200F8215D /* STXPagedViewPage.h in Headers */ = {isa = PBXBuildFile; fileRef = E9160C3F1919729800F8215D /* STXPagedViewPage.h */; settings = {ATTRIBUTES = (Public, ); }; };
		E9B3EC54196DE52800B5DBEB /* SimplePagedViewPage.m in Sources */ = {isa = PBXBuildFile; fileRef = E9B3EC53196DE52800B5DBEB /* SimplePagedViewPage.m */; };
		E9B3EC57196DE56C00B5DBEB /* PagesFromNibViewController.m in Sources */ = {isa = PBXBuildFile; fileRef = E9B3EC56196DE56C00B5DBEB /* PagesFromNibViewController.m */; };
		E9B3EC59196DE5A700B5DBEB /* SimplePagedViewPage.xib in Resources */ = {isa = PBXBuildFile; fileRef = E9B3EC58196DE5A700B5DBEB /* SimplePagedViewPage.xib */; };
/* End PBXBuildFile section */

/* Begin PBXContainerItemProxy section */
		E9160C2A1919725900F8215D /* PBXContainerItemProxy */ = {
			isa = PBXContainerItemProxy;
			containerPortal = E9160C0C1919725800F8215D /* Project object */;
			proxyType = 1;
			remoteGlobalIDString = E9160C131919725800F8215D;
			remoteInfo = STXPagedView;
		};
		E9160C6E191973E700F8215D /* PBXContainerItemProxy */ = {
			isa = PBXContainerItemProxy;
			containerPortal = E9160C0C1919725800F8215D /* Project object */;
			proxyType = 1;
			remoteGlobalIDString = E9160C49191973E600F8215D;
			remoteInfo = ExampleApp;
		};
		E9160C7E191973F400F8215D /* PBXContainerItemProxy */ = {
			isa = PBXContainerItemProxy;
			containerPortal = E9160C0C1919725800F8215D /* Project object */;
			proxyType = 1;
			remoteGlobalIDString = E9160C131919725800F8215D;
			remoteInfo = STXPagedView;
		};
/* End PBXContainerItemProxy section */

/* Begin PBXCopyFilesBuildPhase section */
		E9160C121919725800F8215D /* CopyFiles */ = {
			isa = PBXCopyFilesBuildPhase;
			buildActionMask = 2147483647;
			dstPath = "include/$(PRODUCT_NAME)";
			dstSubfolderSpec = 16;
			files = (
			);
			runOnlyForDeploymentPostprocessing = 0;
		};
/* End PBXCopyFilesBuildPhase section */

/* Begin PBXFileReference section */
		E9160C141919725800F8215D /* libSTXPagedView.a */ = {isa = PBXFileReference; explicitFileType = archive.ar; includeInIndex = 0; path = libSTXPagedView.a; sourceTree = BUILT_PRODUCTS_DIR; };
		E9160C171919725800F8215D /* Foundation.framework */ = {isa = PBXFileReference; lastKnownFileType = wrapper.framework; name = Foundation.framework; path = System/Library/Frameworks/Foundation.framework; sourceTree = SDKROOT; };
		E9160C1B1919725900F8215D /* STXPagedView-Prefix.pch */ = {isa = PBXFileReference; lastKnownFileType = sourcecode.c.h; path = "STXPagedView-Prefix.pch"; sourceTree = "<group>"; };
		E9160C241919725900F8215D /* STXPagedViewTests.xctest */ = {isa = PBXFileReference; explicitFileType = wrapper.cfbundle; includeInIndex = 0; path = STXPagedViewTests.xctest; sourceTree = BUILT_PRODUCTS_DIR; };
		E9160C251919725900F8215D /* XCTest.framework */ = {isa = PBXFileReference; lastKnownFileType = wrapper.framework; name = XCTest.framework; path = Library/Frameworks/XCTest.framework; sourceTree = DEVELOPER_DIR; };
		E9160C281919725900F8215D /* UIKit.framework */ = {isa = PBXFileReference; lastKnownFileType = wrapper.framework; name = UIKit.framework; path = Library/Frameworks/UIKit.framework; sourceTree = DEVELOPER_DIR; };
		E9160C2F1919725900F8215D /* STXPagedViewTests-Info.plist */ = {isa = PBXFileReference; lastKnownFileType = text.plist.xml; path = "STXPagedViewTests-Info.plist"; sourceTree = "<group>"; };
		E9160C311919725900F8215D /* en */ = {isa = PBXFileReference; lastKnownFileType = text.plist.strings; name = en; path = en.lproj/InfoPlist.strings; sourceTree = "<group>"; };
		E9160C331919725900F8215D /* STXPagedViewTests.m */ = {isa = PBXFileReference; lastKnownFileType = sourcecode.c.objc; path = STXPagedViewTests.m; sourceTree = "<group>"; };
		E9160C3D1919729800F8215D /* STXPagedView.h */ = {isa = PBXFileReference; fileEncoding = 4; lastKnownFileType = sourcecode.c.h; path = STXPagedView.h; sourceTree = "<group>"; };
		E9160C3E1919729800F8215D /* STXPagedView.m */ = {isa = PBXFileReference; fileEncoding = 4; lastKnownFileType = sourcecode.c.objc; path = STXPagedView.m; sourceTree = "<group>"; };
		E9160C3F1919729800F8215D /* STXPagedViewPage.h */ = {isa = PBXFileReference; fileEncoding = 4; lastKnownFileType = sourcecode.c.h; path = STXPagedViewPage.h; sourceTree = "<group>"; };
		E9160C401919729800F8215D /* STXPagedViewPage.m */ = {isa = PBXFileReference; fileEncoding = 4; lastKnownFileType = sourcecode.c.objc; path = STXPagedViewPage.m; sourceTree = "<group>"; };
		E9160C4A191973E600F8215D /* ExampleApp.app */ = {isa = PBXFileReference; explicitFileType = wrapper.application; includeInIndex = 0; path = ExampleApp.app; sourceTree = BUILT_PRODUCTS_DIR; };
		E9160C4C191973E600F8215D /* CoreGraphics.framework */ = {isa = PBXFileReference; lastKnownFileType = wrapper.framework; name = CoreGraphics.framework; path = System/Library/Frameworks/CoreGraphics.framework; sourceTree = SDKROOT; };
		E9160C51191973E600F8215D /* ExampleApp-Info.plist */ = {isa = PBXFileReference; lastKnownFileType = text.plist.xml; path = "ExampleApp-Info.plist"; sourceTree = "<group>"; };
		E9160C53191973E700F8215D /* en */ = {isa = PBXFileReference; lastKnownFileType = text.plist.strings; name = en; path = en.lproj/InfoPlist.strings; sourceTree = "<group>"; };
		E9160C55191973E700F8215D /* main.m */ = {isa = PBXFileReference; lastKnownFileType = sourcecode.c.objc; path = main.m; sourceTree = "<group>"; };
		E9160C57191973E700F8215D /* ExampleApp-Prefix.pch */ = {isa = PBXFileReference; lastKnownFileType = sourcecode.c.h; path = "ExampleApp-Prefix.pch"; sourceTree = "<group>"; };
		E9160C58191973E700F8215D /* AppDelegate.h */ = {isa = PBXFileReference; lastKnownFileType = sourcecode.c.h; path = AppDelegate.h; sourceTree = "<group>"; };
		E9160C59191973E700F8215D /* AppDelegate.m */ = {isa = PBXFileReference; lastKnownFileType = sourcecode.c.objc; path = AppDelegate.m; sourceTree = "<group>"; };
		E9160C5C191973E700F8215D /* Base */ = {isa = PBXFileReference; lastKnownFileType = file.storyboard; name = Base; path = Base.lproj/Main_iPhone.storyboard; sourceTree = "<group>"; };
		E9160C61191973E700F8215D /* BasicViewController.h */ = {isa = PBXFileReference; lastKnownFileType = sourcecode.c.h; path = BasicViewController.h; sourceTree = "<group>"; };
		E9160C62191973E700F8215D /* BasicViewController.m */ = {isa = PBXFileReference; lastKnownFileType = sourcecode.c.objc; path = BasicViewController.m; sourceTree = "<group>"; };
		E9160C64191973E700F8215D /* Images.xcassets */ = {isa = PBXFileReference; lastKnownFileType = folder.assetcatalog; path = Images.xcassets; sourceTree = "<group>"; };
		E9160C6A191973E700F8215D /* ExampleAppTests.xctest */ = {isa = PBXFileReference; explicitFileType = wrapper.cfbundle; includeInIndex = 0; path = ExampleAppTests.xctest; sourceTree = BUILT_PRODUCTS_DIR; };
		E9160C72191973E700F8215D /* ExampleAppTests-Info.plist */ = {isa = PBXFileReference; lastKnownFileType = text.plist.xml; path = "ExampleAppTests-Info.plist"; sourceTree = "<group>"; };
		E9160C74191973E700F8215D /* en */ = {isa = PBXFileReference; lastKnownFileType = text.plist.strings; name = en; path = en.lproj/InfoPlist.strings; sourceTree = "<group>"; };
		E9160C76191973E700F8215D /* ExampleAppTests.m */ = {isa = PBXFileReference; lastKnownFileType = sourcecode.c.objc; path = ExampleAppTests.m; sourceTree = "<group>"; };
		E9B3EC52196DE52800B5DBEB /* SimplePagedViewPage.h */ = {isa = PBXFileReference; fileEncoding = 4; lastKnownFileType = sourcecode.c.h; path = SimplePagedViewPage.h; sourceTree = "<group>"; };
		E9B3EC53196DE52800B5DBEB /* SimplePagedViewPage.m */ = {isa = PBXFileReference; fileEncoding = 4; lastKnownFileType = sourcecode.c.objc; path = SimplePagedViewPage.m; sourceTree = "<group>"; };
		E9B3EC55196DE56C00B5DBEB /* PagesFromNibViewController.h */ = {isa = PBXFileReference; fileEncoding = 4; lastKnownFileType = sourcecode.c.h; path = PagesFromNibViewController.h; sourceTree = "<group>"; };
		E9B3EC56196DE56C00B5DBEB /* PagesFromNibViewController.m */ = {isa = PBXFileReference; fileEncoding = 4; lastKnownFileType = sourcecode.c.objc; path = PagesFromNibViewController.m; sourceTree = "<group>"; };
		E9B3EC58196DE5A700B5DBEB /* SimplePagedViewPage.xib */ = {isa = PBXFileReference; fileEncoding = 4; lastKnownFileType = file.xib; path = SimplePagedViewPage.xib; sourceTree = "<group>"; };
/* End PBXFileReference section */

/* Begin PBXFrameworksBuildPhase section */
		E9160C111919725800F8215D /* Frameworks */ = {
			isa = PBXFrameworksBuildPhase;
			buildActionMask = 2147483647;
			files = (
				E9160C181919725800F8215D /* Foundation.framework in Frameworks */,
			);
			runOnlyForDeploymentPostprocessing = 0;
		};
		E9160C211919725900F8215D /* Frameworks */ = {
			isa = PBXFrameworksBuildPhase;
			buildActionMask = 2147483647;
			files = (
				E9160C261919725900F8215D /* XCTest.framework in Frameworks */,
				E9160C2C1919725900F8215D /* libSTXPagedView.a in Frameworks */,
				E9160C291919725900F8215D /* UIKit.framework in Frameworks */,
				E9160C271919725900F8215D /* Foundation.framework in Frameworks */,
			);
			runOnlyForDeploymentPostprocessing = 0;
		};
		E9160C47191973E600F8215D /* Frameworks */ = {
			isa = PBXFrameworksBuildPhase;
			buildActionMask = 2147483647;
			files = (
				E9160C80191973F900F8215D /* libSTXPagedView.a in Frameworks */,
				E9160C4D191973E600F8215D /* CoreGraphics.framework in Frameworks */,
				E9160C4E191973E600F8215D /* UIKit.framework in Frameworks */,
				E9160C4B191973E600F8215D /* Foundation.framework in Frameworks */,
			);
			runOnlyForDeploymentPostprocessing = 0;
		};
		E9160C67191973E700F8215D /* Frameworks */ = {
			isa = PBXFrameworksBuildPhase;
			buildActionMask = 2147483647;
			files = (
				E9160C6B191973E700F8215D /* XCTest.framework in Frameworks */,
				E9160C6D191973E700F8215D /* UIKit.framework in Frameworks */,
				E9160C6C191973E700F8215D /* Foundation.framework in Frameworks */,
			);
			runOnlyForDeploymentPostprocessing = 0;
		};
/* End PBXFrameworksBuildPhase section */

/* Begin PBXGroup section */
		E4A53B771952F09D00AA9752 /* Basic */ = {
			isa = PBXGroup;
			children = (
				E9160C61191973E700F8215D /* BasicViewController.h */,
				E9160C62191973E700F8215D /* BasicViewController.m */,
			);
			name = Basic;
			sourceTree = "<group>";
		};
		E4A53B781952F0A300AA9752 /* PagesFromNib */ = {
			isa = PBXGroup;
			children = (
				E9B3EC52196DE52800B5DBEB /* SimplePagedViewPage.h */,
				E9B3EC53196DE52800B5DBEB /* SimplePagedViewPage.m */,
				E9B3EC58196DE5A700B5DBEB /* SimplePagedViewPage.xib */,
				E9B3EC55196DE56C00B5DBEB /* PagesFromNibViewController.h */,
				E9B3EC56196DE56C00B5DBEB /* PagesFromNibViewController.m */,
			);
			name = PagesFromNib;
			sourceTree = "<group>";
		};
		E4A53B791952F0AB00AA9752 /* PagesFromClass */ = {
			isa = PBXGroup;
			children = (
			);
			name = PagesFromClass;
			sourceTree = "<group>";
		};
		E9160C0B1919725800F8215D = {
			isa = PBXGroup;
			children = (
				E9160C191919725900F8215D /* STXPagedView */,
				E9160C2D1919725900F8215D /* STXPagedViewTests */,
				E9160C4F191973E600F8215D /* ExampleApp */,
				E9160C70191973E700F8215D /* ExampleAppTests */,
				E9160C161919725800F8215D /* Frameworks */,
				E9160C151919725800F8215D /* Products */,
			);
			sourceTree = "<group>";
		};
		E9160C151919725800F8215D /* Products */ = {
			isa = PBXGroup;
			children = (
				E9160C141919725800F8215D /* libSTXPagedView.a */,
				E9160C241919725900F8215D /* STXPagedViewTests.xctest */,
				E9160C4A191973E600F8215D /* ExampleApp.app */,
				E9160C6A191973E700F8215D /* ExampleAppTests.xctest */,
			);
			name = Products;
			sourceTree = "<group>";
		};
		E9160C161919725800F8215D /* Frameworks */ = {
			isa = PBXGroup;
			children = (
				E9160C171919725800F8215D /* Foundation.framework */,
				E9160C251919725900F8215D /* XCTest.framework */,
				E9160C281919725900F8215D /* UIKit.framework */,
				E9160C4C191973E600F8215D /* CoreGraphics.framework */,
			);
			name = Frameworks;
			sourceTree = "<group>";
		};
		E9160C191919725900F8215D /* STXPagedView */ = {
			isa = PBXGroup;
			children = (
				E9160C3D1919729800F8215D /* STXPagedView.h */,
				E9160C3E1919729800F8215D /* STXPagedView.m */,
				E9160C3F1919729800F8215D /* STXPagedViewPage.h */,
				E9160C401919729800F8215D /* STXPagedViewPage.m */,
				E9160C1A1919725900F8215D /* Supporting Files */,
			);
			path = STXPagedView;
			sourceTree = "<group>";
		};
		E9160C1A1919725900F8215D /* Supporting Files */ = {
			isa = PBXGroup;
			children = (
				E9160C1B1919725900F8215D /* STXPagedView-Prefix.pch */,
			);
			name = "Supporting Files";
			sourceTree = "<group>";
		};
		E9160C2D1919725900F8215D /* STXPagedViewTests */ = {
			isa = PBXGroup;
			children = (
				E9160C331919725900F8215D /* STXPagedViewTests.m */,
				E9160C2E1919725900F8215D /* Supporting Files */,
			);
			path = STXPagedViewTests;
			sourceTree = "<group>";
		};
		E9160C2E1919725900F8215D /* Supporting Files */ = {
			isa = PBXGroup;
			children = (
				E9160C2F1919725900F8215D /* STXPagedViewTests-Info.plist */,
				E9160C301919725900F8215D /* InfoPlist.strings */,
			);
			name = "Supporting Files";
			sourceTree = "<group>";
		};
		E9160C4F191973E600F8215D /* ExampleApp */ = {
			isa = PBXGroup;
			children = (
				E4A53B771952F09D00AA9752 /* Basic */,
				E4A53B781952F0A300AA9752 /* PagesFromNib */,
				E4A53B791952F0AB00AA9752 /* PagesFromClass */,
				E9160C58191973E700F8215D /* AppDelegate.h */,
				E9160C59191973E700F8215D /* AppDelegate.m */,
				E9160C5B191973E700F8215D /* Main_iPhone.storyboard */,
				E9160C64191973E700F8215D /* Images.xcassets */,
				E9160C50191973E600F8215D /* Supporting Files */,
			);
			path = ExampleApp;
			sourceTree = "<group>";
		};
		E9160C50191973E600F8215D /* Supporting Files */ = {
			isa = PBXGroup;
			children = (
				E9160C51191973E600F8215D /* ExampleApp-Info.plist */,
				E9160C52191973E700F8215D /* InfoPlist.strings */,
				E9160C55191973E700F8215D /* main.m */,
				E9160C57191973E700F8215D /* ExampleApp-Prefix.pch */,
			);
			name = "Supporting Files";
			sourceTree = "<group>";
		};
		E9160C70191973E700F8215D /* ExampleAppTests */ = {
			isa = PBXGroup;
			children = (
				E9160C76191973E700F8215D /* ExampleAppTests.m */,
				E9160C71191973E700F8215D /* Supporting Files */,
			);
			path = ExampleAppTests;
			sourceTree = "<group>";
		};
		E9160C71191973E700F8215D /* Supporting Files */ = {
			isa = PBXGroup;
			children = (
				E9160C72191973E700F8215D /* ExampleAppTests-Info.plist */,
				E9160C73191973E700F8215D /* InfoPlist.strings */,
			);
			name = "Supporting Files";
			sourceTree = "<group>";
		};
/* End PBXGroup section */

/* Begin PBXHeadersBuildPhase section */
		E9160C811919A8C700F8215D /* Headers */ = {
			isa = PBXHeadersBuildPhase;
			buildActionMask = 2147483647;
			files = (
				E9160C821919A8D000F8215D /* STXPagedView.h in Headers */,
				E9160C831919A8D200F8215D /* STXPagedViewPage.h in Headers */,
			);
			runOnlyForDeploymentPostprocessing = 0;
		};
/* End PBXHeadersBuildPhase section */

/* Begin PBXNativeTarget section */
		E9160C131919725800F8215D /* STXPagedView */ = {
			isa = PBXNativeTarget;
			buildConfigurationList = E9160C371919725900F8215D /* Build configuration list for PBXNativeTarget "STXPagedView" */;
			buildPhases = (
				E9160C101919725800F8215D /* Sources */,
				E9160C111919725800F8215D /* Frameworks */,
				E9160C121919725800F8215D /* CopyFiles */,
				E9160C811919A8C700F8215D /* Headers */,
			);
			buildRules = (
			);
			dependencies = (
			);
			name = STXPagedView;
			productName = STXPagedView;
			productReference = E9160C141919725800F8215D /* libSTXPagedView.a */;
			productType = "com.apple.product-type.library.static";
		};
		E9160C231919725900F8215D /* STXPagedViewTests */ = {
			isa = PBXNativeTarget;
			buildConfigurationList = E9160C3A1919725900F8215D /* Build configuration list for PBXNativeTarget "STXPagedViewTests" */;
			buildPhases = (
				E9160C201919725900F8215D /* Sources */,
				E9160C211919725900F8215D /* Frameworks */,
				E9160C221919725900F8215D /* Resources */,
			);
			buildRules = (
			);
			dependencies = (
				E9160C2B1919725900F8215D /* PBXTargetDependency */,
			);
			name = STXPagedViewTests;
			productName = STXPagedViewTests;
			productReference = E9160C241919725900F8215D /* STXPagedViewTests.xctest */;
			productType = "com.apple.product-type.bundle.unit-test";
		};
		E9160C49191973E600F8215D /* ExampleApp */ = {
			isa = PBXNativeTarget;
			buildConfigurationList = E9160C78191973E700F8215D /* Build configuration list for PBXNativeTarget "ExampleApp" */;
			buildPhases = (
				E9160C46191973E600F8215D /* Sources */,
				E9160C47191973E600F8215D /* Frameworks */,
				E9160C48191973E600F8215D /* Resources */,
			);
			buildRules = (
			);
			dependencies = (
				E9160C7F191973F400F8215D /* PBXTargetDependency */,
			);
			name = ExampleApp;
			productName = ExampleApp;
			productReference = E9160C4A191973E600F8215D /* ExampleApp.app */;
			productType = "com.apple.product-type.application";
		};
		E9160C69191973E700F8215D /* ExampleAppTests */ = {
			isa = PBXNativeTarget;
			buildConfigurationList = E9160C7B191973E700F8215D /* Build configuration list for PBXNativeTarget "ExampleAppTests" */;
			buildPhases = (
				E9160C66191973E700F8215D /* Sources */,
				E9160C67191973E700F8215D /* Frameworks */,
				E9160C68191973E700F8215D /* Resources */,
			);
			buildRules = (
			);
			dependencies = (
				E9160C6F191973E700F8215D /* PBXTargetDependency */,
			);
			name = ExampleAppTests;
			productName = ExampleAppTests;
			productReference = E9160C6A191973E700F8215D /* ExampleAppTests.xctest */;
			productType = "com.apple.product-type.bundle.unit-test";
		};
/* End PBXNativeTarget section */

/* Begin PBXProject section */
		E9160C0C1919725800F8215D /* Project object */ = {
			isa = PBXProject;
			attributes = {
				CLASSPREFIX = STX;
				LastUpgradeCheck = 0510;
				ORGANIZATIONNAME = "Sebastian Owodziń";
				TargetAttributes = {
					E9160C231919725900F8215D = {
						TestTargetID = E9160C49191973E600F8215D;
					};
					E9160C69191973E700F8215D = {
						TestTargetID = E9160C49191973E600F8215D;
					};
				};
			};
			buildConfigurationList = E9160C0F1919725800F8215D /* Build configuration list for PBXProject "STXPagedView" */;
			compatibilityVersion = "Xcode 3.2";
			developmentRegion = English;
			hasScannedForEncodings = 0;
			knownRegions = (
				en,
				Base,
			);
			mainGroup = E9160C0B1919725800F8215D;
			productRefGroup = E9160C151919725800F8215D /* Products */;
			projectDirPath = "";
			projectRoot = "";
			targets = (
				E9160C131919725800F8215D /* STXPagedView */,
				E9160C231919725900F8215D /* STXPagedViewTests */,
				E9160C49191973E600F8215D /* ExampleApp */,
				E9160C69191973E700F8215D /* ExampleAppTests */,
			);
		};
/* End PBXProject section */

/* Begin PBXResourcesBuildPhase section */
		E9160C221919725900F8215D /* Resources */ = {
			isa = PBXResourcesBuildPhase;
			buildActionMask = 2147483647;
			files = (
				E9160C321919725900F8215D /* InfoPlist.strings in Resources */,
			);
			runOnlyForDeploymentPostprocessing = 0;
		};
		E9160C48191973E600F8215D /* Resources */ = {
			isa = PBXResourcesBuildPhase;
			buildActionMask = 2147483647;
			files = (
				E9160C65191973E700F8215D /* Images.xcassets in Resources */,
				E9160C5D191973E700F8215D /* Main_iPhone.storyboard in Resources */,
				E9160C54191973E700F8215D /* InfoPlist.strings in Resources */,
				E9B3EC59196DE5A700B5DBEB /* SimplePagedViewPage.xib in Resources */,
			);
			runOnlyForDeploymentPostprocessing = 0;
		};
		E9160C68191973E700F8215D /* Resources */ = {
			isa = PBXResourcesBuildPhase;
			buildActionMask = 2147483647;
			files = (
				E9160C75191973E700F8215D /* InfoPlist.strings in Resources */,
			);
			runOnlyForDeploymentPostprocessing = 0;
		};
/* End PBXResourcesBuildPhase section */

/* Begin PBXSourcesBuildPhase section */
		E9160C101919725800F8215D /* Sources */ = {
			isa = PBXSourcesBuildPhase;
			buildActionMask = 2147483647;
			files = (
				E9160C411919729800F8215D /* STXPagedView.m in Sources */,
				E9160C421919729800F8215D /* STXPagedViewPage.m in Sources */,
			);
			runOnlyForDeploymentPostprocessing = 0;
		};
		E9160C201919725900F8215D /* Sources */ = {
			isa = PBXSourcesBuildPhase;
			buildActionMask = 2147483647;
			files = (
				E9160C341919725900F8215D /* STXPagedViewTests.m in Sources */,
			);
			runOnlyForDeploymentPostprocessing = 0;
		};
		E9160C46191973E600F8215D /* Sources */ = {
			isa = PBXSourcesBuildPhase;
			buildActionMask = 2147483647;
			files = (
				E9160C63191973E700F8215D /* BasicViewController.m in Sources */,
				E9160C5A191973E700F8215D /* AppDelegate.m in Sources */,
				E9160C56191973E700F8215D /* main.m in Sources */,
				E9B3EC57196DE56C00B5DBEB /* PagesFromNibViewController.m in Sources */,
				E9B3EC54196DE52800B5DBEB /* SimplePagedViewPage.m in Sources */,
			);
			runOnlyForDeploymentPostprocessing = 0;
		};
		E9160C66191973E700F8215D /* Sources */ = {
			isa = PBXSourcesBuildPhase;
			buildActionMask = 2147483647;
			files = (
				E9160C77191973E700F8215D /* ExampleAppTests.m in Sources */,
			);
			runOnlyForDeploymentPostprocessing = 0;
		};
/* End PBXSourcesBuildPhase section */

/* Begin PBXTargetDependency section */
		E9160C2B1919725900F8215D /* PBXTargetDependency */ = {
			isa = PBXTargetDependency;
			target = E9160C131919725800F8215D /* STXPagedView */;
			targetProxy = E9160C2A1919725900F8215D /* PBXContainerItemProxy */;
		};
		E9160C6F191973E700F8215D /* PBXTargetDependency */ = {
			isa = PBXTargetDependency;
			target = E9160C49191973E600F8215D /* ExampleApp */;
			targetProxy = E9160C6E191973E700F8215D /* PBXContainerItemProxy */;
		};
		E9160C7F191973F400F8215D /* PBXTargetDependency */ = {
			isa = PBXTargetDependency;
			target = E9160C131919725800F8215D /* STXPagedView */;
			targetProxy = E9160C7E191973F400F8215D /* PBXContainerItemProxy */;
		};
/* End PBXTargetDependency section */

/* Begin PBXVariantGroup section */
		E9160C301919725900F8215D /* InfoPlist.strings */ = {
			isa = PBXVariantGroup;
			children = (
				E9160C311919725900F8215D /* en */,
			);
			name = InfoPlist.strings;
			sourceTree = "<group>";
		};
		E9160C52191973E700F8215D /* InfoPlist.strings */ = {
			isa = PBXVariantGroup;
			children = (
				E9160C53191973E700F8215D /* en */,
			);
			name = InfoPlist.strings;
			sourceTree = "<group>";
		};
		E9160C5B191973E700F8215D /* Main_iPhone.storyboard */ = {
			isa = PBXVariantGroup;
			children = (
				E9160C5C191973E700F8215D /* Base */,
			);
			name = Main_iPhone.storyboard;
			sourceTree = "<group>";
		};
		E9160C73191973E700F8215D /* InfoPlist.strings */ = {
			isa = PBXVariantGroup;
			children = (
				E9160C74191973E700F8215D /* en */,
			);
			name = InfoPlist.strings;
			sourceTree = "<group>";
		};
/* End PBXVariantGroup section */

/* Begin XCBuildConfiguration section */
		E9160C351919725900F8215D /* Debug */ = {
			isa = XCBuildConfiguration;
			buildSettings = {
				ALWAYS_SEARCH_USER_PATHS = NO;
				CLANG_CXX_LANGUAGE_STANDARD = "gnu++0x";
				CLANG_CXX_LIBRARY = "libc++";
				CLANG_ENABLE_MODULES = YES;
				CLANG_ENABLE_OBJC_ARC = YES;
				CLANG_WARN_BOOL_CONVERSION = YES;
				CLANG_WARN_CONSTANT_CONVERSION = YES;
				CLANG_WARN_DIRECT_OBJC_ISA_USAGE = YES_ERROR;
				CLANG_WARN_EMPTY_BODY = YES;
				CLANG_WARN_ENUM_CONVERSION = YES;
				CLANG_WARN_INT_CONVERSION = YES;
				CLANG_WARN_OBJC_ROOT_CLASS = YES_ERROR;
				CLANG_WARN__DUPLICATE_METHOD_MATCH = YES;
				COPY_PHASE_STRIP = NO;
				GCC_C_LANGUAGE_STANDARD = gnu99;
				GCC_DYNAMIC_NO_PIC = NO;
				GCC_OPTIMIZATION_LEVEL = 0;
				GCC_PREPROCESSOR_DEFINITIONS = (
					"DEBUG=1",
					"$(inherited)",
				);
				GCC_SYMBOLS_PRIVATE_EXTERN = NO;
				GCC_WARN_64_TO_32_BIT_CONVERSION = YES;
				GCC_WARN_ABOUT_RETURN_TYPE = YES_ERROR;
				GCC_WARN_UNDECLARED_SELECTOR = YES;
				GCC_WARN_UNINITIALIZED_AUTOS = YES_AGGRESSIVE;
				GCC_WARN_UNUSED_FUNCTION = YES;
				GCC_WARN_UNUSED_VARIABLE = YES;
				IPHONEOS_DEPLOYMENT_TARGET = 6.0;
				ONLY_ACTIVE_ARCH = YES;
				SDKROOT = iphoneos;
				SKIP_INSTALL = YES;
			};
			name = Debug;
		};
		E9160C361919725900F8215D /* Release */ = {
			isa = XCBuildConfiguration;
			buildSettings = {
				ALWAYS_SEARCH_USER_PATHS = NO;
				CLANG_CXX_LANGUAGE_STANDARD = "gnu++0x";
				CLANG_CXX_LIBRARY = "libc++";
				CLANG_ENABLE_MODULES = YES;
				CLANG_ENABLE_OBJC_ARC = YES;
				CLANG_WARN_BOOL_CONVERSION = YES;
				CLANG_WARN_CONSTANT_CONVERSION = YES;
				CLANG_WARN_DIRECT_OBJC_ISA_USAGE = YES_ERROR;
				CLANG_WARN_EMPTY_BODY = YES;
				CLANG_WARN_ENUM_CONVERSION = YES;
				CLANG_WARN_INT_CONVERSION = YES;
				CLANG_WARN_OBJC_ROOT_CLASS = YES_ERROR;
				CLANG_WARN__DUPLICATE_METHOD_MATCH = YES;
				COPY_PHASE_STRIP = YES;
				ENABLE_NS_ASSERTIONS = NO;
				GCC_C_LANGUAGE_STANDARD = gnu99;
				GCC_WARN_64_TO_32_BIT_CONVERSION = YES;
				GCC_WARN_ABOUT_RETURN_TYPE = YES_ERROR;
				GCC_WARN_UNDECLARED_SELECTOR = YES;
				GCC_WARN_UNINITIALIZED_AUTOS = YES_AGGRESSIVE;
				GCC_WARN_UNUSED_FUNCTION = YES;
				GCC_WARN_UNUSED_VARIABLE = YES;
				IPHONEOS_DEPLOYMENT_TARGET = 6.0;
				SDKROOT = iphoneos;
				SKIP_INSTALL = YES;
				VALIDATE_PRODUCT = YES;
			};
			name = Release;
		};
		E9160C381919725900F8215D /* Debug */ = {
			isa = XCBuildConfiguration;
			buildSettings = {
				DSTROOT = /tmp/STXPagedView.dst;
				GCC_PRECOMPILE_PREFIX_HEADER = YES;
				GCC_PREFIX_HEADER = "STXPagedView/STXPagedView-Prefix.pch";
				OTHER_LDFLAGS = "-ObjC";
				PRODUCT_NAME = STXPagedView;
				SKIP_INSTALL = YES;
			};
			name = Debug;
		};
		E9160C391919725900F8215D /* Release */ = {
			isa = XCBuildConfiguration;
			buildSettings = {
				DSTROOT = /tmp/STXPagedView.dst;
				GCC_PRECOMPILE_PREFIX_HEADER = YES;
				GCC_PREFIX_HEADER = "STXPagedView/STXPagedView-Prefix.pch";
				OTHER_LDFLAGS = "-ObjC";
				PRODUCT_NAME = STXPagedView;
				SKIP_INSTALL = YES;
			};
			name = Release;
		};
		E9160C3B1919725900F8215D /* Debug */ = {
			isa = XCBuildConfiguration;
			buildSettings = {
				BUNDLE_LOADER = "$(BUILT_PRODUCTS_DIR)/ExampleApp.app/ExampleApp";
				FRAMEWORK_SEARCH_PATHS = (
					"$(SDKROOT)/Developer/Library/Frameworks",
					"$(inherited)",
					"$(DEVELOPER_FRAMEWORKS_DIR)",
				);
				GCC_PRECOMPILE_PREFIX_HEADER = YES;
				GCC_PREFIX_HEADER = "STXPagedView/STXPagedView-Prefix.pch";
				GCC_PREPROCESSOR_DEFINITIONS = (
					"DEBUG=1",
					"$(inherited)",
				);
				INFOPLIST_FILE = "STXPagedViewTests/STXPagedViewTests-Info.plist";
				PRODUCT_NAME = STXPagedViewTests;
				TEST_HOST = "$(BUNDLE_LOADER)";
				WRAPPER_EXTENSION = xctest;
			};
			name = Debug;
		};
		E9160C3C1919725900F8215D /* Release */ = {
			isa = XCBuildConfiguration;
			buildSettings = {
				BUNDLE_LOADER = "$(BUILT_PRODUCTS_DIR)/ExampleApp.app/ExampleApp";
				FRAMEWORK_SEARCH_PATHS = (
					"$(SDKROOT)/Developer/Library/Frameworks",
					"$(inherited)",
					"$(DEVELOPER_FRAMEWORKS_DIR)",
				);
				GCC_PRECOMPILE_PREFIX_HEADER = YES;
				GCC_PREFIX_HEADER = "STXPagedView/STXPagedView-Prefix.pch";
				INFOPLIST_FILE = "STXPagedViewTests/STXPagedViewTests-Info.plist";
				PRODUCT_NAME = STXPagedViewTests;
				TEST_HOST = "$(BUNDLE_LOADER)";
				WRAPPER_EXTENSION = xctest;
			};
			name = Release;
		};
		E9160C79191973E700F8215D /* Debug */ = {
			isa = XCBuildConfiguration;
			buildSettings = {
				ASSETCATALOG_COMPILER_APPICON_NAME = AppIcon;
				ASSETCATALOG_COMPILER_LAUNCHIMAGE_NAME = LaunchImage;
				"CODE_SIGN_IDENTITY[sdk=iphoneos*]" = "iPhone Developer";
				FRAMEWORK_SEARCH_PATHS = (
					"$(inherited)",
					"$(DEVELOPER_FRAMEWORKS_DIR)",
				);
				GCC_PRECOMPILE_PREFIX_HEADER = YES;
				GCC_PREFIX_HEADER = "ExampleApp/ExampleApp-Prefix.pch";
				GCC_PREPROCESSOR_DEFINITIONS = (
					"DEBUG=1",
					"$(inherited)",
				);
				INFOPLIST_FILE = "ExampleApp/ExampleApp-Info.plist";
				OTHER_LDFLAGS = "-ObjC";
				PRODUCT_NAME = "$(TARGET_NAME)";
				TARGETED_DEVICE_FAMILY = 1;
				WRAPPER_EXTENSION = app;
			};
			name = Debug;
		};
		E9160C7A191973E700F8215D /* Release */ = {
			isa = XCBuildConfiguration;
			buildSettings = {
				ASSETCATALOG_COMPILER_APPICON_NAME = AppIcon;
				ASSETCATALOG_COMPILER_LAUNCHIMAGE_NAME = LaunchImage;
				"CODE_SIGN_IDENTITY[sdk=iphoneos*]" = "iPhone Developer";
				FRAMEWORK_SEARCH_PATHS = (
					"$(inherited)",
					"$(DEVELOPER_FRAMEWORKS_DIR)",
				);
				GCC_PRECOMPILE_PREFIX_HEADER = YES;
				GCC_PREFIX_HEADER = "ExampleApp/ExampleApp-Prefix.pch";
				INFOPLIST_FILE = "ExampleApp/ExampleApp-Info.plist";
				OTHER_LDFLAGS = "-ObjC";
				PRODUCT_NAME = "$(TARGET_NAME)";
				TARGETED_DEVICE_FAMILY = 1;
				WRAPPER_EXTENSION = app;
			};
			name = Release;
		};
		E9160C7C191973E700F8215D /* Debug */ = {
			isa = XCBuildConfiguration;
			buildSettings = {
				BUNDLE_LOADER = "$(BUILT_PRODUCTS_DIR)/ExampleApp.app/ExampleApp";
				FRAMEWORK_SEARCH_PATHS = (
					"$(SDKROOT)/Developer/Library/Frameworks",
					"$(inherited)",
					"$(DEVELOPER_FRAMEWORKS_DIR)",
				);
				GCC_PRECOMPILE_PREFIX_HEADER = YES;
				GCC_PREFIX_HEADER = "ExampleApp/ExampleApp-Prefix.pch";
				GCC_PREPROCESSOR_DEFINITIONS = (
					"DEBUG=1",
					"$(inherited)",
				);
				INFOPLIST_FILE = "ExampleAppTests/ExampleAppTests-Info.plist";
				PRODUCT_NAME = "$(TARGET_NAME)";
				TEST_HOST = "$(BUNDLE_LOADER)";
				WRAPPER_EXTENSION = xctest;
			};
			name = Debug;
		};
		E9160C7D191973E700F8215D /* Release */ = {
			isa = XCBuildConfiguration;
			buildSettings = {
				BUNDLE_LOADER = "$(BUILT_PRODUCTS_DIR)/ExampleApp.app/ExampleApp";
				FRAMEWORK_SEARCH_PATHS = (
					"$(SDKROOT)/Developer/Library/Frameworks",
					"$(inherited)",
					"$(DEVELOPER_FRAMEWORKS_DIR)",
				);
				GCC_PRECOMPILE_PREFIX_HEADER = YES;
				GCC_PREFIX_HEADER = "ExampleApp/ExampleApp-Prefix.pch";
				INFOPLIST_FILE = "ExampleAppTests/ExampleAppTests-Info.plist";
				PRODUCT_NAME = "$(TARGET_NAME)";
				TEST_HOST = "$(BUNDLE_LOADER)";
				WRAPPER_EXTENSION = xctest;
			};
			name = Release;
		};
/* End XCBuildConfiguration section */

/* Begin XCConfigurationList section */
		E9160C0F1919725800F8215D /* Build configuration list for PBXProject "STXPagedView" */ = {
			isa = XCConfigurationList;
			buildConfigurations = (
				E9160C351919725900F8215D /* Debug */,
				E9160C361919725900F8215D /* Release */,
			);
			defaultConfigurationIsVisible = 0;
			defaultConfigurationName = Release;
		};
		E9160C371919725900F8215D /* Build configuration list for PBXNativeTarget "STXPagedView" */ = {
			isa = XCConfigurationList;
			buildConfigurations = (
				E9160C381919725900F8215D /* Debug */,
				E9160C391919725900F8215D /* Release */,
			);
			defaultConfigurationIsVisible = 0;
			defaultConfigurationName = Release;
		};
		E9160C3A1919725900F8215D /* Build configuration list for PBXNativeTarget "STXPagedViewTests" */ = {
			isa = XCConfigurationList;
			buildConfigurations = (
				E9160C3B1919725900F8215D /* Debug */,
				E9160C3C1919725900F8215D /* Release */,
			);
			defaultConfigurationIsVisible = 0;
			defaultConfigurationName = Release;
		};
		E9160C78191973E700F8215D /* Build configuration list for PBXNativeTarget "ExampleApp" */ = {
			isa = XCConfigurationList;
			buildConfigurations = (
				E9160C79191973E700F8215D /* Debug */,
				E9160C7A191973E700F8215D /* Release */,
			);
			defaultConfigurationIsVisible = 0;
			defaultConfigurationName = Release;
		};
		E9160C7B191973E700F8215D /* Build configuration list for PBXNativeTarget "ExampleAppTests" */ = {
			isa = XCConfigurationList;
			buildConfigurations = (
				E9160C7C191973E700F8215D /* Debug */,
				E9160C7D191973E700F8215D /* Release */,
			);
			defaultConfigurationIsVisible = 0;
			defaultConfigurationName = Release;
		};
/* End XCConfigurationList section */
	};
	rootObject = E9160C0C1919725800F8215D /* Project object */;
}
